
Microsoft Visual Studio Solution File, Format Version 12.00
# Visual Studio 15
VisualStudioVersion = 15.0.28307.1705
MinimumVisualStudioVersion = 10.0.40219.1
Project("{FAE04EC0-301F-11D3-BF4B-00C04F79EFBC}") = "prog7.2form", "prog7.2form\prog7.2form.csproj", "{06634ECC-4A92-49CE-9C41-12D7A926E593}"
EndProject
Global
	GlobalSection(SolutionConfigurationPlatforms) = preSolution
		Debug|Any CPU = Debug|Any CPU
		Release|Any CPU = Release|Any CPU
	EndGlobalSection
	GlobalSection(ProjectConfigurationPlatforms) = postSolution
		{06634ECC-4A92-49CE-9C41-12D7A926E593}.Debug|Any CPU.ActiveCfg = Debug|Any CPU
		{06634ECC-4A92-49CE-9C41-12D7A926E593}.Debug|Any CPU.Build.0 = Debug|Any CPU
		{06634ECC-4A92-49CE-9C41-12D7A926E593}.Release|Any CPU.ActiveCfg = Release|Any CPU
		{06634ECC-4A92-49CE-9C41-12D7A926E593}.Release|Any CPU.Build.0 = Release|Any CPU
	EndGlobalSection
	GlobalSection(SolutionProperties) = preSolution
		HideSolutionNode = FALSE
	EndGlobalSection
	GlobalSection(ExtensibilityGlobals) = postSolution
		SolutionGuid = {3E9A0C67-CFD1-47ED-98BA-6A09ED738841}
	EndGlobalSection
EndGlobal
